// !$*UTF8*$!
{
	archiveVersion = 1;
	classes = {
	};
	objectVersion = 77;
	objects = {

/* Begin PBXContainerItemProxy section */
		B9D2C92C2CEE2AC1006D8B8E /* PBXContainerItemProxy */ = {
			isa = PBXContainerItemProxy;
			containerPortal = B9D2C9132CEE2AC0006D8B8E /* Project object */;
			proxyType = 1;
			remoteGlobalIDString = B9D2C91A2CEE2AC0006D8B8E;
			remoteInfo = Weather;
		};
		B9D2C9362CEE2AC1006D8B8E /* PBXContainerItemProxy */ = {
			isa = PBXContainerItemProxy;
			containerPortal = B9D2C9132CEE2AC0006D8B8E /* Project object */;
			proxyType = 1;
			remoteGlobalIDString = B9D2C91A2CEE2AC0006D8B8E;
			remoteInfo = Weather;
		};
/* End PBXContainerItemProxy section */

/* Begin PBXFileReference section */
		B9D2C91B2CEE2AC0006D8B8E /* Weather.app */ = {isa = PBXFileReference; explicitFileType = wrapper.application; includeInIndex = 0; path = Weather.app; sourceTree = BUILT_PRODUCTS_DIR; };
		B9D2C92B2CEE2AC1006D8B8E /* WeatherTests.xctest */ = {isa = PBXFileReference; explicitFileType = wrapper.cfbundle; includeInIndex = 0; path = WeatherTests.xctest; sourceTree = BUILT_PRODUCTS_DIR; };
		B9D2C9352CEE2AC1006D8B8E /* WeatherUITests.xctest */ = {isa = PBXFileReference; explicitFileType = wrapper.cfbundle; includeInIndex = 0; path = WeatherUITests.xctest; sourceTree = BUILT_PRODUCTS_DIR; };
/* End PBXFileReference section */

/* Begin PBXFileSystemSynchronizedBuildFileExceptionSet section */
		B9D2C95F2CEE2AF1006D8B8E /* Exceptions for "Weather" folder in "WeatherTests" target */ = {
			isa = PBXFileSystemSynchronizedBuildFileExceptionSet;
			membershipExceptions = (
				Constants/Constants.swift,
				Constants/PreviewConstants.swift,
				"Data Models/AirQuality.swift",
				"Data Models/Alert.swift",
				"Data Models/Astro.swift",
				"Data Models/Condition.swift",
				"Data Models/Current.swift",
				"Data Models/ForecastDay.swift",
				"Data Models/ForecastFullDay.swift",
				"Data Models/ForecastHour.swift",
				"Data Models/Location.swift",
				"Data Models/Weather.swift",
				"Data Models/WeatherAlerts.swift",
				"Data Models/WeatherAstro.swift",
				"Data Models/WeatherForecast.swift",
				View/CustomDaysForecast.swift,
				View/CustomHourlyForecast.swift,
				View/CustomHourWeatherUI.swift,
				View/CustomTileAir.swift,
				View/CustomTileAlerts.swift,
				View/CustomTileCloud.swift,
				View/CustomTileFeelsLike.swift,
				View/CustomTileHumidity.swift,
				View/CustomTileMoon.swift,
				View/CustomTilePrecipitation.swift,
				View/CustomTilePressure.swift,
				View/CustomTileSunSetRise.swift,
				View/CustomTileUV.swift,
				View/CustomTileVisibility.swift,
				View/CustomTileWind.swift,
				View/CustomUIRectangleTile.swift,
				View/CustomUISquarTile.swift,
				View/SettingsPage.swift,
				ViewModels/CLWeatherAlertsViewModel.swift,
				ViewModels/CLWeatherAstronomyViewModel.swift,
				ViewModels/CLWeatherForecastViewModel.swift,
				ViewModels/CLWeatherViewModel.swift,
				ViewModels/CurrentLocation.swift,
				ViewModels/Utilities.swift,
			);
			target = B9D2C92A2CEE2AC1006D8B8E /* WeatherTests */;
		};
		B9D2C9602CEE2AF1006D8B8E /* Exceptions for "Weather" folder in "WeatherUITests" target */ = {
			isa = PBXFileSystemSynchronizedBuildFileExceptionSet;
			membershipExceptions = (
				Constants/Constants.swift,
				Constants/PreviewConstants.swift,
				"Data Models/AirQuality.swift",
				"Data Models/Alert.swift",
				"Data Models/Astro.swift",
				"Data Models/Condition.swift",
				"Data Models/Current.swift",
				"Data Models/ForecastDay.swift",
				"Data Models/ForecastFullDay.swift",
				"Data Models/ForecastHour.swift",
				"Data Models/Location.swift",
				"Data Models/Weather.swift",
				"Data Models/WeatherAlerts.swift",
				"Data Models/WeatherAstro.swift",
				"Data Models/WeatherForecast.swift",
				View/CustomDaysForecast.swift,
				View/CustomHourlyForecast.swift,
				View/CustomHourWeatherUI.swift,
				View/CustomTileAir.swift,
				View/CustomTileAlerts.swift,
				View/CustomTileCloud.swift,
				View/CustomTileFeelsLike.swift,
				View/CustomTileHumidity.swift,
				View/CustomTileMoon.swift,
				View/CustomTilePrecipitation.swift,
				View/CustomTilePressure.swift,
				View/CustomTileSunSetRise.swift,
				View/CustomTileUV.swift,
				View/CustomTileVisibility.swift,
				View/CustomTileWind.swift,
				View/CustomUIRectangleTile.swift,
				View/CustomUISquarTile.swift,
				View/SettingsPage.swift,
				ViewModels/CLWeatherAlertsViewModel.swift,
				ViewModels/CLWeatherAstronomyViewModel.swift,
				ViewModels/CLWeatherForecastViewModel.swift,
				ViewModels/CLWeatherViewModel.swift,
				ViewModels/CurrentLocation.swift,
				ViewModels/Utilities.swift,
			);
			target = B9D2C9342CEE2AC1006D8B8E /* WeatherUITests */;
		};
		B9D2C9752CEE2E3A006D8B8E /* Exceptions for "Weather" folder in "Weather" target */ = {
			isa = PBXFileSystemSynchronizedBuildFileExceptionSet;
			membershipExceptions = (
				Info.plist,
			);
			target = B9D2C91A2CEE2AC0006D8B8E /* Weather */;
		};
/* End PBXFileSystemSynchronizedBuildFileExceptionSet section */

/* Begin PBXFileSystemSynchronizedRootGroup section */
		B9D2C91D2CEE2AC0006D8B8E /* Weather */ = {
			isa = PBXFileSystemSynchronizedRootGroup;
			exceptions = (
				B9D2C9752CEE2E3A006D8B8E /* Exceptions for "Weather" folder in "Weather" target */,
				B9D2C95F2CEE2AF1006D8B8E /* Exceptions for "Weather" folder in "WeatherTests" target */,
				B9D2C9602CEE2AF1006D8B8E /* Exceptions for "Weather" folder in "WeatherUITests" target */,
			);
			path = Weather;
			sourceTree = "<group>";
		};
		B9D2C92E2CEE2AC1006D8B8E /* WeatherTests */ = {
			isa = PBXFileSystemSynchronizedRootGroup;
			path = WeatherTests;
			sourceTree = "<group>";
		};
		B9D2C9382CEE2AC1006D8B8E /* WeatherUITests */ = {
			isa = PBXFileSystemSynchronizedRootGroup;
			path = WeatherUITests;
			sourceTree = "<group>";
		};
/* End PBXFileSystemSynchronizedRootGroup section */

/* Begin PBXFrameworksBuildPhase section */
		B9D2C9182CEE2AC0006D8B8E /* Frameworks */ = {
			isa = PBXFrameworksBuildPhase;
			buildActionMask = 2147483647;
			files = (
			);
			runOnlyForDeploymentPostprocessing = 0;
		};
		B9D2C9282CEE2AC1006D8B8E /* Frameworks */ = {
			isa = PBXFrameworksBuildPhase;
			buildActionMask = 2147483647;
			files = (
			);
			runOnlyForDeploymentPostprocessing = 0;
		};
		B9D2C9322CEE2AC1006D8B8E /* Frameworks */ = {
			isa = PBXFrameworksBuildPhase;
			buildActionMask = 2147483647;
			files = (
			);
			runOnlyForDeploymentPostprocessing = 0;
		};
/* End PBXFrameworksBuildPhase section */

/* Begin PBXGroup section */
		B9D2C9122CEE2AC0006D8B8E = {
			isa = PBXGroup;
			children = (
				B9D2C91D2CEE2AC0006D8B8E /* Weather */,
				B9D2C92E2CEE2AC1006D8B8E /* WeatherTests */,
				B9D2C9382CEE2AC1006D8B8E /* WeatherUITests */,
				B9D2C91C2CEE2AC0006D8B8E /* Products */,
			);
			sourceTree = "<group>";
		};
		B9D2C91C2CEE2AC0006D8B8E /* Products */ = {
			isa = PBXGroup;
			children = (
				B9D2C91B2CEE2AC0006D8B8E /* Weather.app */,
				B9D2C92B2CEE2AC1006D8B8E /* WeatherTests.xctest */,
				B9D2C9352CEE2AC1006D8B8E /* WeatherUITests.xctest */,
			);
			name = Products;
			sourceTree = "<group>";
		};
/* End PBXGroup section */

/* Begin PBXNativeTarget section */
		B9D2C91A2CEE2AC0006D8B8E /* Weather */ = {
			isa = PBXNativeTarget;
			buildConfigurationList = B9D2C93F2CEE2AC1006D8B8E /* Build configuration list for PBXNativeTarget "Weather" */;
			buildPhases = (
				B9D2C9172CEE2AC0006D8B8E /* Sources */,
				B9D2C9182CEE2AC0006D8B8E /* Frameworks */,
				B9D2C9192CEE2AC0006D8B8E /* Resources */,
			);
			buildRules = (
			);
			dependencies = (
			);
			fileSystemSynchronizedGroups = (
				B9D2C91D2CEE2AC0006D8B8E /* Weather */,
			);
			name = Weather;
			packageProductDependencies = (
			);
			productName = Weather;
			productReference = B9D2C91B2CEE2AC0006D8B8E /* Weather.app */;
			productType = "com.apple.product-type.application";
		};
		B9D2C92A2CEE2AC1006D8B8E /* WeatherTests */ = {
			isa = PBXNativeTarget;
			buildConfigurationList = B9D2C9422CEE2AC1006D8B8E /* Build configuration list for PBXNativeTarget "WeatherTests" */;
			buildPhases = (
				B9D2C9272CEE2AC1006D8B8E /* Sources */,
				B9D2C9282CEE2AC1006D8B8E /* Frameworks */,
				B9D2C9292CEE2AC1006D8B8E /* Resources */,
			);
			buildRules = (
			);
			dependencies = (
				B9D2C92D2CEE2AC1006D8B8E /* PBXTargetDependency */,
			);
			fileSystemSynchronizedGroups = (
				B9D2C92E2CEE2AC1006D8B8E /* WeatherTests */,
			);
			name = WeatherTests;
			packageProductDependencies = (
			);
			productName = WeatherTests;
			productReference = B9D2C92B2CEE2AC1006D8B8E /* WeatherTests.xctest */;
			productType = "com.apple.product-type.bundle.unit-test";
		};
		B9D2C9342CEE2AC1006D8B8E /* WeatherUITests */ = {
			isa = PBXNativeTarget;
			buildConfigurationList = B9D2C9452CEE2AC1006D8B8E /* Build configuration list for PBXNativeTarget "WeatherUITests" */;
			buildPhases = (
				B9D2C9312CEE2AC1006D8B8E /* Sources */,
				B9D2C9322CEE2AC1006D8B8E /* Frameworks */,
				B9D2C9332CEE2AC1006D8B8E /* Resources */,
			);
			buildRules = (
			);
			dependencies = (
				B9D2C9372CEE2AC1006D8B8E /* PBXTargetDependency */,
			);
			fileSystemSynchronizedGroups = (
				B9D2C9382CEE2AC1006D8B8E /* WeatherUITests */,
			);
			name = WeatherUITests;
			packageProductDependencies = (
			);
			productName = WeatherUITests;
			productReference = B9D2C9352CEE2AC1006D8B8E /* WeatherUITests.xctest */;
			productType = "com.apple.product-type.bundle.ui-testing";
		};
/* End PBXNativeTarget section */

/* Begin PBXProject section */
		B9D2C9132CEE2AC0006D8B8E /* Project object */ = {
			isa = PBXProject;
			attributes = {
				BuildIndependentTargetsInParallel = 1;
				LastSwiftUpdateCheck = 1610;
				LastUpgradeCheck = 1610;
				TargetAttributes = {
					B9D2C91A2CEE2AC0006D8B8E = {
						CreatedOnToolsVersion = 16.1;
					};
					B9D2C92A2CEE2AC1006D8B8E = {
						CreatedOnToolsVersion = 16.1;
						TestTargetID = B9D2C91A2CEE2AC0006D8B8E;
					};
					B9D2C9342CEE2AC1006D8B8E = {
						CreatedOnToolsVersion = 16.1;
						TestTargetID = B9D2C91A2CEE2AC0006D8B8E;
					};
				};
			};
			buildConfigurationList = B9D2C9162CEE2AC0006D8B8E /* Build configuration list for PBXProject "Weather" */;
			developmentRegion = en;
			hasScannedForEncodings = 0;
			knownRegions = (
				en,
				Base,
			);
			mainGroup = B9D2C9122CEE2AC0006D8B8E;
			minimizedProjectReferenceProxies = 1;
			preferredProjectObjectVersion = 77;
			productRefGroup = B9D2C91C2CEE2AC0006D8B8E /* Products */;
			projectDirPath = "";
			projectRoot = "";
			targets = (
				B9D2C91A2CEE2AC0006D8B8E /* Weather */,
				B9D2C92A2CEE2AC1006D8B8E /* WeatherTests */,
				B9D2C9342CEE2AC1006D8B8E /* WeatherUITests */,
			);
		};
/* End PBXProject section */

/* Begin PBXResourcesBuildPhase section */
		B9D2C9192CEE2AC0006D8B8E /* Resources */ = {
			isa = PBXResourcesBuildPhase;
			buildActionMask = 2147483647;
			files = (
			);
			runOnlyForDeploymentPostprocessing = 0;
		};
		B9D2C9292CEE2AC1006D8B8E /* Resources */ = {
			isa = PBXResourcesBuildPhase;
			buildActionMask = 2147483647;
			files = (
			);
			runOnlyForDeploymentPostprocessing = 0;
		};
		B9D2C9332CEE2AC1006D8B8E /* Resources */ = {
			isa = PBXResourcesBuildPhase;
			buildActionMask = 2147483647;
			files = (
			);
			runOnlyForDeploymentPostprocessing = 0;
		};
/* End PBXResourcesBuildPhase section */

/* Begin PBXSourcesBuildPhase section */
		B9D2C9172CEE2AC0006D8B8E /* Sources */ = {
			isa = PBXSourcesBuildPhase;
			buildActionMask = 2147483647;
			files = (
			);
			runOnlyForDeploymentPostprocessing = 0;
		};
		B9D2C9272CEE2AC1006D8B8E /* Sources */ = {
			isa = PBXSourcesBuildPhase;
			buildActionMask = 2147483647;
			files = (
			);
			runOnlyForDeploymentPostprocessing = 0;
		};
		B9D2C9312CEE2AC1006D8B8E /* Sources */ = {
			isa = PBXSourcesBuildPhase;
			buildActionMask = 2147483647;
			files = (
			);
			runOnlyForDeploymentPostprocessing = 0;
		};
/* End PBXSourcesBuildPhase section */

/* Begin PBXTargetDependency section */
		B9D2C92D2CEE2AC1006D8B8E /* PBXTargetDependency */ = {
			isa = PBXTargetDependency;
			target = B9D2C91A2CEE2AC0006D8B8E /* Weather */;
			targetProxy = B9D2C92C2CEE2AC1006D8B8E /* PBXContainerItemProxy */;
		};
		B9D2C9372CEE2AC1006D8B8E /* PBXTargetDependency */ = {
			isa = PBXTargetDependency;
			target = B9D2C91A2CEE2AC0006D8B8E /* Weather */;
			targetProxy = B9D2C9362CEE2AC1006D8B8E /* PBXContainerItemProxy */;
		};
/* End PBXTargetDependency section */

/* Begin XCBuildConfiguration section */
		B9D2C93D2CEE2AC1006D8B8E /* Debug */ = {
			isa = XCBuildConfiguration;
			buildSettings = {
				ALWAYS_SEARCH_USER_PATHS = NO;
				ASSETCATALOG_COMPILER_GENERATE_SWIFT_ASSET_SYMBOL_EXTENSIONS = YES;
				CLANG_ANALYZER_NONNULL = YES;
				CLANG_ANALYZER_NUMBER_OBJECT_CONVERSION = YES_AGGRESSIVE;
				CLANG_CXX_LANGUAGE_STANDARD = "gnu++20";
				CLANG_ENABLE_MODULES = YES;
				CLANG_ENABLE_OBJC_ARC = YES;
				CLANG_ENABLE_OBJC_WEAK = YES;
				CLANG_WARN_BLOCK_CAPTURE_AUTORELEASING = YES;
				CLANG_WARN_BOOL_CONVERSION = YES;
				CLANG_WARN_COMMA = YES;
				CLANG_WARN_CONSTANT_CONVERSION = YES;
				CLANG_WARN_DEPRECATED_OBJC_IMPLEMENTATIONS = YES;
				CLANG_WARN_DIRECT_OBJC_ISA_USAGE = YES_ERROR;
				CLANG_WARN_DOCUMENTATION_COMMENTS = YES;
				CLANG_WARN_EMPTY_BODY = YES;
				CLANG_WARN_ENUM_CONVERSION = YES;
				CLANG_WARN_INFINITE_RECURSION = YES;
				CLANG_WARN_INT_CONVERSION = YES;
				CLANG_WARN_NON_LITERAL_NULL_CONVERSION = YES;
				CLANG_WARN_OBJC_IMPLICIT_RETAIN_SELF = YES;
				CLANG_WARN_OBJC_LITERAL_CONVERSION = YES;
				CLANG_WARN_OBJC_ROOT_CLASS = YES_ERROR;
				CLANG_WARN_QUOTED_INCLUDE_IN_FRAMEWORK_HEADER = YES;
				CLANG_WARN_RANGE_LOOP_ANALYSIS = YES;
				CLANG_WARN_STRICT_PROTOTYPES = YES;
				CLANG_WARN_SUSPICIOUS_MOVE = YES;
				CLANG_WARN_UNGUARDED_AVAILABILITY = YES_AGGRESSIVE;
				CLANG_WARN_UNREACHABLE_CODE = YES;
				CLANG_WARN__DUPLICATE_METHOD_MATCH = YES;
				COPY_PHASE_STRIP = NO;
				DEBUG_INFORMATION_FORMAT = dwarf;
				ENABLE_STRICT_OBJC_MSGSEND = YES;
				ENABLE_TESTABILITY = YES;
				ENABLE_USER_SCRIPT_SANDBOXING = YES;
				GCC_C_LANGUAGE_STANDARD = gnu17;
				GCC_DYNAMIC_NO_PIC = NO;
				GCC_NO_COMMON_BLOCKS = YES;
				GCC_OPTIMIZATION_LEVEL = 0;
				GCC_PREPROCESSOR_DEFINITIONS = (
					"DEBUG=1",
					"$(inherited)",
				);
				GCC_WARN_64_TO_32_BIT_CONVERSION = YES;
				GCC_WARN_ABOUT_RETURN_TYPE = YES_ERROR;
				GCC_WARN_UNDECLARED_SELECTOR = YES;
				GCC_WARN_UNINITIALIZED_AUTOS = YES_AGGRESSIVE;
				GCC_WARN_UNUSED_FUNCTION = YES;
				GCC_WARN_UNUSED_VARIABLE = YES;
				IPHONEOS_DEPLOYMENT_TARGET = 18.1;
				LOCALIZATION_PREFERS_STRING_CATALOGS = YES;
				MTL_ENABLE_DEBUG_INFO = INCLUDE_SOURCE;
				MTL_FAST_MATH = YES;
				ONLY_ACTIVE_ARCH = YES;
				SDKROOT = iphoneos;
				SWIFT_ACTIVE_COMPILATION_CONDITIONS = "DEBUG $(inherited)";
				SWIFT_OPTIMIZATION_LEVEL = "-Onone";
			};
			name = Debug;
		};
		B9D2C93E2CEE2AC1006D8B8E /* Release */ = {
			isa = XCBuildConfiguration;
			buildSettings = {
				ALWAYS_SEARCH_USER_PATHS = NO;
				ASSETCATALOG_COMPILER_GENERATE_SWIFT_ASSET_SYMBOL_EXTENSIONS = YES;
				CLANG_ANALYZER_NONNULL = YES;
				CLANG_ANALYZER_NUMBER_OBJECT_CONVERSION = YES_AGGRESSIVE;
				CLANG_CXX_LANGUAGE_STANDARD = "gnu++20";
				CLANG_ENABLE_MODULES = YES;
				CLANG_ENABLE_OBJC_ARC = YES;
				CLANG_ENABLE_OBJC_WEAK = YES;
				CLANG_WARN_BLOCK_CAPTURE_AUTORELEASING = YES;
				CLANG_WARN_BOOL_CONVERSION = YES;
				CLANG_WARN_COMMA = YES;
				CLANG_WARN_CONSTANT_CONVERSION = YES;
				CLANG_WARN_DEPRECATED_OBJC_IMPLEMENTATIONS = YES;
				CLANG_WARN_DIRECT_OBJC_ISA_USAGE = YES_ERROR;
				CLANG_WARN_DOCUMENTATION_COMMENTS = YES;
				CLANG_WARN_EMPTY_BODY = YES;
				CLANG_WARN_ENUM_CONVERSION = YES;
				CLANG_WARN_INFINITE_RECURSION = YES;
				CLANG_WARN_INT_CONVERSION = YES;
				CLANG_WARN_NON_LITERAL_NULL_CONVERSION = YES;
				CLANG_WARN_OBJC_IMPLICIT_RETAIN_SELF = YES;
				CLANG_WARN_OBJC_LITERAL_CONVERSION = YES;
				CLANG_WARN_OBJC_ROOT_CLASS = YES_ERROR;
				CLANG_WARN_QUOTED_INCLUDE_IN_FRAMEWORK_HEADER = YES;
				CLANG_WARN_RANGE_LOOP_ANALYSIS = YES;
				CLANG_WARN_STRICT_PROTOTYPES = YES;
				CLANG_WARN_SUSPICIOUS_MOVE = YES;
				CLANG_WARN_UNGUARDED_AVAILABILITY = YES_AGGRESSIVE;
				CLANG_WARN_UNREACHABLE_CODE = YES;
				CLANG_WARN__DUPLICATE_METHOD_MATCH = YES;
				COPY_PHASE_STRIP = NO;
				DEBUG_INFORMATION_FORMAT = "dwarf-with-dsym";
				ENABLE_NS_ASSERTIONS = NO;
				ENABLE_STRICT_OBJC_MSGSEND = YES;
				ENABLE_USER_SCRIPT_SANDBOXING = YES;
				GCC_C_LANGUAGE_STANDARD = gnu17;
				GCC_NO_COMMON_BLOCKS = YES;
				GCC_WARN_64_TO_32_BIT_CONVERSION = YES;
				GCC_WARN_ABOUT_RETURN_TYPE = YES_ERROR;
				GCC_WARN_UNDECLARED_SELECTOR = YES;
				GCC_WARN_UNINITIALIZED_AUTOS = YES_AGGRESSIVE;
				GCC_WARN_UNUSED_FUNCTION = YES;
				GCC_WARN_UNUSED_VARIABLE = YES;
				IPHONEOS_DEPLOYMENT_TARGET = 18.1;
				LOCALIZATION_PREFERS_STRING_CATALOGS = YES;
				MTL_ENABLE_DEBUG_INFO = NO;
				MTL_FAST_MATH = YES;
				SDKROOT = iphoneos;
				SWIFT_COMPILATION_MODE = wholemodule;
				VALIDATE_PRODUCT = YES;
			};
			name = Release;
		};
		B9D2C9402CEE2AC1006D8B8E /* Debug */ = {
			isa = XCBuildConfiguration;
			buildSettings = {
				ASSETCATALOG_COMPILER_APPICON_NAME = AppIcon;
				ASSETCATALOG_COMPILER_GLOBAL_ACCENT_COLOR_NAME = AccentColor;
				CODE_SIGN_STYLE = Automatic;
				CURRENT_PROJECT_VERSION = 1;
				DEVELOPMENT_ASSET_PATHS = "\"Weather/Preview Content\"";
				ENABLE_PREVIEWS = YES;
				GENERATE_INFOPLIST_FILE = YES;
				INFOPLIST_FILE = Weather/Info.plist;
				INFOPLIST_KEY_NSLocationWhenInUseUsageDescription = "Current Locaion is required to view weather Details.";
				INFOPLIST_KEY_UIApplicationSceneManifest_Generation = YES;
				INFOPLIST_KEY_UIApplicationSupportsIndirectInputEvents = YES;
				INFOPLIST_KEY_UILaunchScreen_Generation = YES;
				INFOPLIST_KEY_UISupportedInterfaceOrientations_iPad = "UIInterfaceOrientationPortrait UIInterfaceOrientationPortraitUpsideDown UIInterfaceOrientationLandscapeLeft UIInterfaceOrientationLandscapeRight";
				INFOPLIST_KEY_UISupportedInterfaceOrientations_iPhone = "UIInterfaceOrientationPortrait UIInterfaceOrientationLandscapeLeft UIInterfaceOrientationLandscapeRight";
				LD_RUNPATH_SEARCH_PATHS = (
					"$(inherited)",
					"@executable_path/Frameworks",
				);
				MARKETING_VERSION = 1.0;
				PRODUCT_BUNDLE_IDENTIFIER = com.PasanDiksura.Weather;
				PRODUCT_NAME = "$(TARGET_NAME)";
				SWIFT_EMIT_LOC_STRINGS = YES;
				SWIFT_VERSION = 5.0;
				TARGETED_DEVICE_FAMILY = "1,2";
			};
			name = Debug;
		};
		B9D2C9412CEE2AC1006D8B8E /* Release */ = {
			isa = XCBuildConfiguration;
			buildSettings = {
				ASSETCATALOG_COMPILER_APPICON_NAME = AppIcon;
				ASSETCATALOG_COMPILER_GLOBAL_ACCENT_COLOR_NAME = AccentColor;
				CODE_SIGN_STYLE = Automatic;
				CURRENT_PROJECT_VERSION = 1;
				DEVELOPMENT_ASSET_PATHS = "\"Weather/Preview Content\"";
				ENABLE_PREVIEWS = YES;
				GENERATE_INFOPLIST_FILE = YES;
				INFOPLIST_FILE = Weather/Info.plist;
				INFOPLIST_KEY_NSLocationWhenInUseUsageDescription = "Current Locaion is required to view weather Details.";
				INFOPLIST_KEY_UIApplicationSceneManifest_Generation = YES;
				INFOPLIST_KEY_UIApplicationSupportsIndirectInputEvents = YES;
				INFOPLIST_KEY_UILaunchScreen_Generation = YES;
				INFOPLIST_KEY_UISupportedInterfaceOrientations_iPad = "UIInterfaceOrientationPortrait UIInterfaceOrientationPortraitUpsideDown UIInterfaceOrientationLandscapeLeft UIInterfaceOrientationLandscapeRight";
				INFOPLIST_KEY_UISupportedInterfaceOrientations_iPhone = "UIInterfaceOrientationPortrait UIInterfaceOrientationLandscapeLeft UIInterfaceOrientationLandscapeRight";
				LD_RUNPATH_SEARCH_PATHS = (
					"$(inherited)",
					"@executable_path/Frameworks",
				);
				MARKETING_VERSION = 1.0;
				PRODUCT_BUNDLE_IDENTIFIER = com.PasanDiksura.Weather;
				PRODUCT_NAME = "$(TARGET_NAME)";
				SWIFT_EMIT_LOC_STRINGS = YES;
				SWIFT_VERSION = 5.0;
				TARGETED_DEVICE_FAMILY = "1,2";
			};
			name = Release;
		};
		B9D2C9432CEE2AC1006D8B8E /* Debug */ = {
			isa = XCBuildConfiguration;
			buildSettings = {
				BUNDLE_LOADER = "$(TEST_HOST)";
				CODE_SIGN_STYLE = Automatic;
				CURRENT_PROJECT_VERSION = 1;
				GENERATE_INFOPLIST_FILE = YES;
				IPHONEOS_DEPLOYMENT_TARGET = 18.1;
				MARKETING_VERSION = 1.0;
				PRODUCT_BUNDLE_IDENTIFIER = com.PasanDiksura.WeatherTests;
				PRODUCT_NAME = "$(TARGET_NAME)";
				SWIFT_EMIT_LOC_STRINGS = NO;
				SWIFT_VERSION = 5.0;
				TARGETED_DEVICE_FAMILY = "1,2";
				TEST_HOST = "$(BUILT_PRODUCTS_DIR)/Weather.app/$(BUNDLE_EXECUTABLE_FOLDER_PATH)/Weather";
			};
			name = Debug;
		};
		B9D2C9442CEE2AC1006D8B8E /* Release */ = {
			isa = XCBuildConfiguration;
			buildSettings = {
				BUNDLE_LOADER = "$(TEST_HOST)";
				CODE_SIGN_STYLE = Automatic;
				CURRENT_PROJECT_VERSION = 1;
				GENERATE_INFOPLIST_FILE = YES;
				IPHONEOS_DEPLOYMENT_TARGET = 18.1;
				MARKETING_VERSION = 1.0;
				PRODUCT_BUNDLE_IDENTIFIER = com.PasanDiksura.WeatherTests;
				PRODUCT_NAME = "$(TARGET_NAME)";
				SWIFT_EMIT_LOC_STRINGS = NO;
				SWIFT_VERSION = 5.0;
				TARGETED_DEVICE_FAMILY = "1,2";
				TEST_HOST = "$(BUILT_PRODUCTS_DIR)/Weather.app/$(BUNDLE_EXECUTABLE_FOLDER_PATH)/Weather";
			};
			name = Release;
		};
		B9D2C9462CEE2AC1006D8B8E /* Debug */ = {
			isa = XCBuildConfiguration;
			buildSettings = {
				CODE_SIGN_STYLE = Automatic;
				CURRENT_PROJECT_VERSION = 1;
				GENERATE_INFOPLIST_FILE = YES;
				MARKETING_VERSION = 1.0;
				PRODUCT_BUNDLE_IDENTIFIER = com.PasanDiksura.WeatherUITests;
				PRODUCT_NAME = "$(TARGET_NAME)";
				SWIFT_EMIT_LOC_STRINGS = NO;
				SWIFT_VERSION = 5.0;
				TARGETED_DEVICE_FAMILY = "1,2";
				TEST_TARGET_NAME = Weather;
			};
			name = Debug;
		};
		B9D2C9472CEE2AC1006D8B8E /* Release */ = {
			isa = XCBuildConfiguration;
			buildSettings = {
				CODE_SIGN_STYLE = Automatic;
				CURRENT_PROJECT_VERSION = 1;
				GENERATE_INFOPLIST_FILE = YES;
				MARKETING_VERSION = 1.0;
				PRODUCT_BUNDLE_IDENTIFIER = com.PasanDiksura.WeatherUITests;
				PRODUCT_NAME = "$(TARGET_NAME)";
				SWIFT_EMIT_LOC_STRINGS = NO;
				SWIFT_VERSION = 5.0;
				TARGETED_DEVICE_FAMILY = "1,2";
				TEST_TARGET_NAME = Weather;
			};
			name = Release;
		};
/* End XCBuildConfiguration section */

/* Begin XCConfigurationList section */
		B9D2C9162CEE2AC0006D8B8E /* Build configuration list for PBXProject "Weather" */ = {
			isa = XCConfigurationList;
			buildConfigurations = (
				B9D2C93D2CEE2AC1006D8B8E /* Debug */,
				B9D2C93E2CEE2AC1006D8B8E /* Release */,
			);
			defaultConfigurationIsVisible = 0;
			defaultConfigurationName = Release;
		};
		B9D2C93F2CEE2AC1006D8B8E /* Build configuration list for PBXNativeTarget "Weather" */ = {
			isa = XCConfigurationList;
			buildConfigurations = (
				B9D2C9402CEE2AC1006D8B8E /* Debug */,
				B9D2C9412CEE2AC1006D8B8E /* Release */,
			);
			defaultConfigurationIsVisible = 0;
			defaultConfigurationName = Release;
		};
		B9D2C9422CEE2AC1006D8B8E /* Build configuration list for PBXNativeTarget "WeatherTests" */ = {
			isa = XCConfigurationList;
			buildConfigurations = (
				B9D2C9432CEE2AC1006D8B8E /* Debug */,
				B9D2C9442CEE2AC1006D8B8E /* Release */,
			);
			defaultConfigurationIsVisible = 0;
			defaultConfigurationName = Release;
		};
		B9D2C9452CEE2AC1006D8B8E /* Build configuration list for PBXNativeTarget "WeatherUITests" */ = {
			isa = XCConfigurationList;
			buildConfigurations = (
				B9D2C9462CEE2AC1006D8B8E /* Debug */,
				B9D2C9472CEE2AC1006D8B8E /* Release */,
			);
			defaultConfigurationIsVisible = 0;
			defaultConfigurationName = Release;
		};
/* End XCConfigurationList section */
	};
	rootObject = B9D2C9132CEE2AC0006D8B8E /* Project object */;
}
